// !$*UTF8*$!
{
	archiveVersion = 1;
	classes = {
	};
	objectVersion = 55;
	objects = {

/* Begin PBXBuildFile section */
		5749851B28C7914C0098B238 /* LandmarksApp.swift in Sources */ = {isa = PBXBuildFile; fileRef = 5749851A28C7914C0098B238 /* LandmarksApp.swift */; };
		5749851D28C7914C0098B238 /* ContentView.swift in Sources */ = {isa = PBXBuildFile; fileRef = 5749851C28C7914C0098B238 /* ContentView.swift */; };
		5749851F28C7914E0098B238 /* Assets.xcassets in Resources */ = {isa = PBXBuildFile; fileRef = 5749851E28C7914E0098B238 /* Assets.xcassets */; };
		5749852228C7914E0098B238 /* Preview Assets.xcassets in Resources */ = {isa = PBXBuildFile; fileRef = 5749852128C7914E0098B238 /* Preview Assets.xcassets */; };
		5749852B28C7977B0098B238 /* CircleImage.swift in Sources */ = {isa = PBXBuildFile; fileRef = 5749852A28C7977B0098B238 /* CircleImage.swift */; };
		5749852D28C798DC0098B238 /* MapView.swift in Sources */ = {isa = PBXBuildFile; fileRef = 5749852C28C798DC0098B238 /* MapView.swift */; };
		5749852F28C79D660098B238 /* landmarkData.json in Resources */ = {isa = PBXBuildFile; fileRef = 5749852E28C79D660098B238 /* landmarkData.json */; };
		5749853128C79D7B0098B238 /* Landmark.swift in Sources */ = {isa = PBXBuildFile; fileRef = 5749853028C79D7B0098B238 /* Landmark.swift */; };
		5749853328C79E850098B238 /* ModelData.swift in Sources */ = {isa = PBXBuildFile; fileRef = 5749853228C79E850098B238 /* ModelData.swift */; };
		5749853828C79F1D0098B238 /* LandmarkRow.swift in Sources */ = {isa = PBXBuildFile; fileRef = 5749853728C79F1D0098B238 /* LandmarkRow.swift */; };
		5749853A28C7A02F0098B238 /* LandmarkList.swift in Sources */ = {isa = PBXBuildFile; fileRef = 5749853928C7A02F0098B238 /* LandmarkList.swift */; };
		5749853C28C7A1550098B238 /* LandmarkDetail.swift in Sources */ = {isa = PBXBuildFile; fileRef = 5749853B28C7A1550098B238 /* LandmarkDetail.swift */; };
		5749853E28C7ADC10098B238 /* FavoriteButton.swift in Sources */ = {isa = PBXBuildFile; fileRef = 5749853D28C7ADC10098B238 /* FavoriteButton.swift */; };
/* End PBXBuildFile section */

/* Begin PBXFileReference section */
		5749851728C7914C0098B238 /* Landmarks.app */ = {isa = PBXFileReference; explicitFileType = wrapper.application; includeInIndex = 0; path = Landmarks.app; sourceTree = BUILT_PRODUCTS_DIR; };
		5749851A28C7914C0098B238 /* LandmarksApp.swift */ = {isa = PBXFileReference; lastKnownFileType = sourcecode.swift; path = LandmarksApp.swift; sourceTree = "<group>"; };
		5749851C28C7914C0098B238 /* ContentView.swift */ = {isa = PBXFileReference; lastKnownFileType = sourcecode.swift; path = ContentView.swift; sourceTree = "<group>"; };
		5749851E28C7914E0098B238 /* Assets.xcassets */ = {isa = PBXFileReference; lastKnownFileType = folder.assetcatalog; path = Assets.xcassets; sourceTree = "<group>"; };
		5749852128C7914E0098B238 /* Preview Assets.xcassets */ = {isa = PBXFileReference; lastKnownFileType = folder.assetcatalog; path = "Preview Assets.xcassets"; sourceTree = "<group>"; };
		5749852A28C7977B0098B238 /* CircleImage.swift */ = {isa = PBXFileReference; lastKnownFileType = sourcecode.swift; path = CircleImage.swift; sourceTree = "<group>"; };
		5749852C28C798DC0098B238 /* MapView.swift */ = {isa = PBXFileReference; lastKnownFileType = sourcecode.swift; path = MapView.swift; sourceTree = "<group>"; };
		5749852E28C79D660098B238 /* landmarkData.json */ = {isa = PBXFileReference; fileEncoding = 4; lastKnownFileType = text.json; path = landmarkData.json; sourceTree = "<group>"; };
		5749853028C79D7B0098B238 /* Landmark.swift */ = {isa = PBXFileReference; lastKnownFileType = sourcecode.swift; path = Landmark.swift; sourceTree = "<group>"; };
		5749853228C79E850098B238 /* ModelData.swift */ = {isa = PBXFileReference; lastKnownFileType = sourcecode.swift; path = ModelData.swift; sourceTree = "<group>"; };
		5749853728C79F1D0098B238 /* LandmarkRow.swift */ = {isa = PBXFileReference; lastKnownFileType = sourcecode.swift; path = LandmarkRow.swift; sourceTree = "<group>"; };
		5749853928C7A02F0098B238 /* LandmarkList.swift */ = {isa = PBXFileReference; lastKnownFileType = sourcecode.swift; path = LandmarkList.swift; sourceTree = "<group>"; };
		5749853B28C7A1550098B238 /* LandmarkDetail.swift */ = {isa = PBXFileReference; lastKnownFileType = sourcecode.swift; path = LandmarkDetail.swift; sourceTree = "<group>"; };
		5749853D28C7ADC10098B238 /* FavoriteButton.swift */ = {isa = PBXFileReference; lastKnownFileType = sourcecode.swift; path = FavoriteButton.swift; sourceTree = "<group>"; };
/* End PBXFileReference section */

/* Begin PBXFrameworksBuildPhase section */
		5749851428C7914C0098B238 /* Frameworks */ = {
			isa = PBXFrameworksBuildPhase;
			buildActionMask = 2147483647;
			files = (
			);
			runOnlyForDeploymentPostprocessing = 0;
		};
/* End PBXFrameworksBuildPhase section */

/* Begin PBXGroup section */
		5749850E28C7914C0098B238 = {
			isa = PBXGroup;
			children = (
				5749851928C7914C0098B238 /* Landmarks */,
				5749851828C7914C0098B238 /* Products */,
			);
			sourceTree = "<group>";
		};
		5749851828C7914C0098B238 /* Products */ = {
			isa = PBXGroup;
			children = (
				5749851728C7914C0098B238 /* Landmarks.app */,
			);
			name = Products;
			sourceTree = "<group>";
		};
		5749851928C7914C0098B238 /* Landmarks */ = {
			isa = PBXGroup;
			children = (
				5749853628C79EDF0098B238 /* Resources */,
				5749853528C79ED60098B238 /* Model */,
				5749853428C79ED30098B238 /* Views */,
				5749851E28C7914E0098B238 /* Assets.xcassets */,
				5749852028C7914E0098B238 /* Preview Content */,
			);
			path = Landmarks;
			sourceTree = "<group>";
		};
		5749852028C7914E0098B238 /* Preview Content */ = {
			isa = PBXGroup;
			children = (
				5749852128C7914E0098B238 /* Preview Assets.xcassets */,
			);
			path = "Preview Content";
			sourceTree = "<group>";
		};
		5749853428C79ED30098B238 /* Views */ = {
			isa = PBXGroup;
			children = (
				5749851C28C7914C0098B238 /* ContentView.swift */,
				5749854028C7AE850098B238 /* Helpers */,
				5749853F28C7AE6C0098B238 /* Landmarks */,
				5749851A28C7914C0098B238 /* LandmarksApp.swift */,
			);
			path = Views;
			sourceTree = "<group>";
		};
		5749853528C79ED60098B238 /* Model */ = {
			isa = PBXGroup;
			children = (
				5749853028C79D7B0098B238 /* Landmark.swift */,
				5749853228C79E850098B238 /* ModelData.swift */,
			);
			path = Model;
			sourceTree = "<group>";
		};
		5749853628C79EDF0098B238 /* Resources */ = {
			isa = PBXGroup;
			children = (
				5749852E28C79D660098B238 /* landmarkData.json */,
			);
			path = Resources;
			sourceTree = "<group>";
		};
		5749853F28C7AE6C0098B238 /* Landmarks */ = {
			isa = PBXGroup;
			children = (
				5749853728C79F1D0098B238 /* LandmarkRow.swift */,
				5749853928C7A02F0098B238 /* LandmarkList.swift */,
				5749853B28C7A1550098B238 /* LandmarkDetail.swift */,
			);
			path = Landmarks;
			sourceTree = "<group>";
		};
		5749854028C7AE850098B238 /* Helpers */ = {
			isa = PBXGroup;
			children = (
				5749852C28C798DC0098B238 /* MapView.swift */,
				5749852A28C7977B0098B238 /* CircleImage.swift */,
				5749853D28C7ADC10098B238 /* FavoriteButton.swift */,
			);
			path = Helpers;
			sourceTree = "<group>";
		};
/* End PBXGroup section */

/* Begin PBXNativeTarget section */
		5749851628C7914C0098B238 /* Landmarks */ = {
			isa = PBXNativeTarget;
			buildConfigurationList = 5749852528C7914E0098B238 /* Build configuration list for PBXNativeTarget "Landmarks" */;
			buildPhases = (
				5749851328C7914C0098B238 /* Sources */,
				5749851428C7914C0098B238 /* Frameworks */,
				5749851528C7914C0098B238 /* Resources */,
			);
			buildRules = (
			);
			dependencies = (
			);
			name = Landmarks;
			productName = Landmarks;
			productReference = 5749851728C7914C0098B238 /* Landmarks.app */;
			productType = "com.apple.product-type.application";
		};
/* End PBXNativeTarget section */

/* Begin PBXProject section */
		5749850F28C7914C0098B238 /* Project object */ = {
			isa = PBXProject;
			attributes = {
				BuildIndependentTargetsInParallel = 1;
				LastSwiftUpdateCheck = 1330;
				LastUpgradeCheck = 1330;
				TargetAttributes = {
					5749851628C7914C0098B238 = {
						CreatedOnToolsVersion = 13.3;
					};
				};
			};
			buildConfigurationList = 5749851228C7914C0098B238 /* Build configuration list for PBXProject "Landmarks" */;
			compatibilityVersion = "Xcode 13.0";
			developmentRegion = en;
			hasScannedForEncodings = 0;
			knownRegions = (
				en,
				Base,
			);
			mainGroup = 5749850E28C7914C0098B238;
			productRefGroup = 5749851828C7914C0098B238 /* Products */;
			projectDirPath = "";
			projectRoot = "";
			targets = (
				5749851628C7914C0098B238 /* Landmarks */,
			);
		};
/* End PBXProject section */

/* Begin PBXResourcesBuildPhase section */
		5749851528C7914C0098B238 /* Resources */ = {
			isa = PBXResourcesBuildPhase;
			buildActionMask = 2147483647;
			files = (
				5749852228C7914E0098B238 /* Preview Assets.xcassets in Resources */,
				5749851F28C7914E0098B238 /* Assets.xcassets in Resources */,
				5749852F28C79D660098B238 /* landmarkData.json in Resources */,
			);
			runOnlyForDeploymentPostprocessing = 0;
		};
/* End PBXResourcesBuildPhase section */

/* Begin PBXSourcesBuildPhase section */
		5749851328C7914C0098B238 /* Sources */ = {
			isa = PBXSourcesBuildPhase;
			buildActionMask = 2147483647;
			files = (
				5749851D28C7914C0098B238 /* ContentView.swift in Sources */,
				5749852D28C798DC0098B238 /* MapView.swift in Sources */,
				5749851B28C7914C0098B238 /* LandmarksApp.swift in Sources */,
				5749853E28C7ADC10098B238 /* FavoriteButton.swift in Sources */,
				5749853A28C7A02F0098B238 /* LandmarkList.swift in Sources */,
				5749853C28C7A1550098B238 /* LandmarkDetail.swift in Sources */,
				5749852B28C7977B0098B238 /* CircleImage.swift in Sources */,
				5749853128C79D7B0098B238 /* Landmark.swift in Sources */,
				5749853828C79F1D0098B238 /* LandmarkRow.swift in Sources */,
				5749853328C79E850098B238 /* ModelData.swift in Sources */,
			);
			runOnlyForDeploymentPostprocessing = 0;
		};
/* End PBXSourcesBuildPhase section */

/* Begin XCBuildConfiguration section */
		5749852328C7914E0098B238 /* Debug */ = {
			isa = XCBuildConfiguration;
			buildSettings = {
				ALWAYS_SEARCH_USER_PATHS = NO;
				CLANG_ANALYZER_NONNULL = YES;
				CLANG_ANALYZER_NUMBER_OBJECT_CONVERSION = YES_AGGRESSIVE;
				CLANG_CXX_LANGUAGE_STANDARD = "gnu++17";
				CLANG_ENABLE_MODULES = YES;
				CLANG_ENABLE_OBJC_ARC = YES;
				CLANG_ENABLE_OBJC_WEAK = YES;
				CLANG_WARN_BLOCK_CAPTURE_AUTORELEASING = YES;
				CLANG_WARN_BOOL_CONVERSION = YES;
				CLANG_WARN_COMMA = YES;
				CLANG_WARN_CONSTANT_CONVERSION = YES;
				CLANG_WARN_DEPRECATED_OBJC_IMPLEMENTATIONS = YES;
				CLANG_WARN_DIRECT_OBJC_ISA_USAGE = YES_ERROR;
				CLANG_WARN_DOCUMENTATION_COMMENTS = YES;
				CLANG_WARN_EMPTY_BODY = YES;
				CLANG_WARN_ENUM_CONVERSION = YES;
				CLANG_WARN_INFINITE_RECURSION = YES;
				CLANG_WARN_INT_CONVERSION = YES;
				CLANG_WARN_NON_LITERAL_NULL_CONVERSION = YES;
				CLANG_WARN_OBJC_IMPLICIT_RETAIN_SELF = YES;
				CLANG_WARN_OBJC_LITERAL_CONVERSION = YES;
				CLANG_WARN_OBJC_ROOT_CLASS = YES_ERROR;
				CLANG_WARN_QUOTED_INCLUDE_IN_FRAMEWORK_HEADER = YES;
				CLANG_WARN_RANGE_LOOP_ANALYSIS = YES;
				CLANG_WARN_STRICT_PROTOTYPES = YES;
				CLANG_WARN_SUSPICIOUS_MOVE = YES;
				CLANG_WARN_UNGUARDED_AVAILABILITY = YES_AGGRESSIVE;
				CLANG_WARN_UNREACHABLE_CODE = YES;
				CLANG_WARN__DUPLICATE_METHOD_MATCH = YES;
				COPY_PHASE_STRIP = NO;
				DEBUG_INFORMATION_FORMAT = dwarf;
				ENABLE_STRICT_OBJC_MSGSEND = YES;
				ENABLE_TESTABILITY = YES;
				GCC_C_LANGUAGE_STANDARD = gnu11;
				GCC_DYNAMIC_NO_PIC = NO;
				GCC_NO_COMMON_BLOCKS = YES;
				GCC_OPTIMIZATION_LEVEL = 0;
				GCC_PREPROCESSOR_DEFINITIONS = (
					"DEBUG=1",
					"$(inherited)",
				);
				GCC_WARN_64_TO_32_BIT_CONVERSION = YES;
				GCC_WARN_ABOUT_RETURN_TYPE = YES_ERROR;
				GCC_WARN_UNDECLARED_SELECTOR = YES;
				GCC_WARN_UNINITIALIZED_AUTOS = YES_AGGRESSIVE;
				GCC_WARN_UNUSED_FUNCTION = YES;
				GCC_WARN_UNUSED_VARIABLE = YES;
				IPHONEOS_DEPLOYMENT_TARGET = 15.4;
				MTL_ENABLE_DEBUG_INFO = INCLUDE_SOURCE;
				MTL_FAST_MATH = YES;
				ONLY_ACTIVE_ARCH = YES;
				SDKROOT = iphoneos;
				SWIFT_ACTIVE_COMPILATION_CONDITIONS = DEBUG;
				SWIFT_OPTIMIZATION_LEVEL = "-Onone";
			};
			name = Debug;
		};
		5749852428C7914E0098B238 /* Release */ = {
			isa = XCBuildConfiguration;
			buildSettings = {
				ALWAYS_SEARCH_USER_PATHS = NO;
				CLANG_ANALYZER_NONNULL = YES;
				CLANG_ANALYZER_NUMBER_OBJECT_CONVERSION = YES_AGGRESSIVE;
				CLANG_CXX_LANGUAGE_STANDARD = "gnu++17";
				CLANG_ENABLE_MODULES = YES;
				CLANG_ENABLE_OBJC_ARC = YES;
				CLANG_ENABLE_OBJC_WEAK = YES;
				CLANG_WARN_BLOCK_CAPTURE_AUTORELEASING = YES;
				CLANG_WARN_BOOL_CONVERSION = YES;
				CLANG_WARN_COMMA = YES;
				CLANG_WARN_CONSTANT_CONVERSION = YES;
				CLANG_WARN_DEPRECATED_OBJC_IMPLEMENTATIONS = YES;
				CLANG_WARN_DIRECT_OBJC_ISA_USAGE = YES_ERROR;
				CLANG_WARN_DOCUMENTATION_COMMENTS = YES;
				CLANG_WARN_EMPTY_BODY = YES;
				CLANG_WARN_ENUM_CONVERSION = YES;
				CLANG_WARN_INFINITE_RECURSION = YES;
				CLANG_WARN_INT_CONVERSION = YES;
				CLANG_WARN_NON_LITERAL_NULL_CONVERSION = YES;
				CLANG_WARN_OBJC_IMPLICIT_RETAIN_SELF = YES;
				CLANG_WARN_OBJC_LITERAL_CONVERSION = YES;
				CLANG_WARN_OBJC_ROOT_CLASS = YES_ERROR;
				CLANG_WARN_QUOTED_INCLUDE_IN_FRAMEWORK_HEADER = YES;
				CLANG_WARN_RANGE_LOOP_ANALYSIS = YES;
				CLANG_WARN_STRICT_PROTOTYPES = YES;
				CLANG_WARN_SUSPICIOUS_MOVE = YES;
				CLANG_WARN_UNGUARDED_AVAILABILITY = YES_AGGRESSIVE;
				CLANG_WARN_UNREACHABLE_CODE = YES;
				CLANG_WARN__DUPLICATE_METHOD_MATCH = YES;
				COPY_PHASE_STRIP = NO;
				DEBUG_INFORMATION_FORMAT = "dwarf-with-dsym";
				ENABLE_NS_ASSERTIONS = NO;
				ENABLE_STRICT_OBJC_MSGSEND = YES;
				GCC_C_LANGUAGE_STANDARD = gnu11;
				GCC_NO_COMMON_BLOCKS = YES;
				GCC_WARN_64_TO_32_BIT_CONVERSION = YES;
				GCC_WARN_ABOUT_RETURN_TYPE = YES_ERROR;
				GCC_WARN_UNDECLARED_SELECTOR = YES;
				GCC_WARN_UNINITIALIZED_AUTOS = YES_AGGRESSIVE;
				GCC_WARN_UNUSED_FUNCTION = YES;
				GCC_WARN_UNUSED_VARIABLE = YES;
				IPHONEOS_DEPLOYMENT_TARGET = 15.4;
				MTL_ENABLE_DEBUG_INFO = NO;
				MTL_FAST_MATH = YES;
				SDKROOT = iphoneos;
				SWIFT_COMPILATION_MODE = wholemodule;
				SWIFT_OPTIMIZATION_LEVEL = "-O";
				VALIDATE_PRODUCT = YES;
			};
			name = Release;
		};
		5749852628C7914E0098B238 /* Debug */ = {
			isa = XCBuildConfiguration;
			buildSettings = {
				ASSETCATALOG_COMPILER_APPICON_NAME = AppIcon;
				ASSETCATALOG_COMPILER_GLOBAL_ACCENT_COLOR_NAME = AccentColor;
				CODE_SIGN_STYLE = Automatic;
				CURRENT_PROJECT_VERSION = 1;
				DEVELOPMENT_ASSET_PATHS = "\"Landmarks/Preview Content\"";
				DEVELOPMENT_TEAM = DMF923GY8Z;
				ENABLE_PREVIEWS = YES;
				GENERATE_INFOPLIST_FILE = YES;
				INFOPLIST_KEY_UIApplicationSceneManifest_Generation = YES;
				INFOPLIST_KEY_UIApplicationSupportsIndirectInputEvents = YES;
				INFOPLIST_KEY_UILaunchScreen_Generation = YES;
				INFOPLIST_KEY_UISupportedInterfaceOrientations_iPad = "UIInterfaceOrientationPortrait UIInterfaceOrientationPortraitUpsideDown UIInterfaceOrientationLandscapeLeft UIInterfaceOrientationLandscapeRight";
				INFOPLIST_KEY_UISupportedInterfaceOrientations_iPhone = "UIInterfaceOrientationPortrait UIInterfaceOrientationLandscapeLeft UIInterfaceOrientationLandscapeRight";
				LD_RUNPATH_SEARCH_PATHS = (
					"$(inherited)",
					"@executable_path/Frameworks",
				);
				MARKETING_VERSION = 1.0;
				PRODUCT_BUNDLE_IDENTIFIER = "marygimm-moreira.Landmarks";
				PRODUCT_NAME = "$(TARGET_NAME)";
				SWIFT_EMIT_LOC_STRINGS = YES;
				SWIFT_VERSION = 5.0;
				TARGETED_DEVICE_FAMILY = "1,2";
			};
			name = Debug;
		};
		5749852728C7914E0098B238 /* Release */ = {
			isa = XCBuildConfiguration;
			buildSettings = {
				ASSETCATALOG_COMPILER_APPICON_NAME = AppIcon;
				ASSETCATALOG_COMPILER_GLOBAL_ACCENT_COLOR_NAME = AccentColor;
				CODE_SIGN_STYLE = Automatic;
				CURRENT_PROJECT_VERSION = 1;
				DEVELOPMENT_ASSET_PATHS = "\"Landmarks/Preview Content\"";
				DEVELOPMENT_TEAM = DMF923GY8Z;
				ENABLE_PREVIEWS = YES;
				GENERATE_INFOPLIST_FILE = YES;
				INFOPLIST_KEY_UIApplicationSceneManifest_Generation = YES;
				INFOPLIST_KEY_UIApplicationSupportsIndirectInputEvents = YES;
				INFOPLIST_KEY_UILaunchScreen_Generation = YES;
				INFOPLIST_KEY_UISupportedInterfaceOrientations_iPad = "UIInterfaceOrientationPortrait UIInterfaceOrientationPortraitUpsideDown UIInterfaceOrientationLandscapeLeft UIInterfaceOrientationLandscapeRight";
				INFOPLIST_KEY_UISupportedInterfaceOrientations_iPhone = "UIInterfaceOrientationPortrait UIInterfaceOrientationLandscapeLeft UIInterfaceOrientationLandscapeRight";
				LD_RUNPATH_SEARCH_PATHS = (
					"$(inherited)",
					"@executable_path/Frameworks",
				);
				MARKETING_VERSION = 1.0;
				PRODUCT_BUNDLE_IDENTIFIER = "marygimm-moreira.Landmarks";
				PRODUCT_NAME = "$(TARGET_NAME)";
				SWIFT_EMIT_LOC_STRINGS = YES;
				SWIFT_VERSION = 5.0;
				TARGETED_DEVICE_FAMILY = "1,2";
			};
			name = Release;
		};
/* End XCBuildConfiguration section */

/* Begin XCConfigurationList section */
		5749851228C7914C0098B238 /* Build configuration list for PBXProject "Landmarks" */ = {
			isa = XCConfigurationList;
			buildConfigurations = (
				5749852328C7914E0098B238 /* Debug */,
				5749852428C7914E0098B238 /* Release */,
			);
			defaultConfigurationIsVisible = 0;
			defaultConfigurationName = Release;
		};
		5749852528C7914E0098B238 /* Build configuration list for PBXNativeTarget "Landmarks" */ = {
			isa = XCConfigurationList;
			buildConfigurations = (
				5749852628C7914E0098B238 /* Debug */,
				5749852728C7914E0098B238 /* Release */,
			);
			defaultConfigurationIsVisible = 0;
			defaultConfigurationName = Release;
		};
/* End XCConfigurationList section */
	};
	rootObject = 5749850F28C7914C0098B238 /* Project object */;
}
